
Microsoft Visual Studio Solution File, Format Version 12.00
# Visual Studio 15
VisualStudioVersion = 15.0.28307.757
MinimumVisualStudioVersion = 10.0.40219.1
Project("{FAE04EC0-301F-11D3-BF4B-00C04F79EFBC}") = "AbstractAndSealed", "AbstractAndSealed\AbstractAndSealed.csproj", "{336656F6-54C3-402B-8E75-5B5E02EE4DC2}"
EndProject
Global
	GlobalSection(SolutionConfigurationPlatforms) = preSolution
		Debug|Any CPU = Debug|Any CPU
		Release|Any CPU = Release|Any CPU
	EndGlobalSection
	GlobalSection(ProjectConfigurationPlatforms) = postSolution
		{336656F6-54C3-402B-8E75-5B5E02EE4DC2}.Debug|Any CPU.ActiveCfg = Debug|Any CPU
		{336656F6-54C3-402B-8E75-5B5E02EE4DC2}.Debug|Any CPU.Build.0 = Debug|Any CPU
		{336656F6-54C3-402B-8E75-5B5E02EE4DC2}.Release|Any CPU.ActiveCfg = Release|Any CPU
		{336656F6-54C3-402B-8E75-5B5E02EE4DC2}.Release|Any CPU.Build.0 = Release|Any CPU
	EndGlobalSection
	GlobalSection(SolutionProperties) = preSolution
		HideSolutionNode = FALSE
	EndGlobalSection
	GlobalSection(ExtensibilityGlobals) = postSolution
		SolutionGuid = {76CD2BDD-CA5B-4284-B9B3-2386D8DC6775}
	EndGlobalSection
EndGlobal
