
Microsoft Visual Studio Solution File, Format Version 12.00
# Visual Studio 15
VisualStudioVersion = 15.0.28307.645
MinimumVisualStudioVersion = 10.0.40219.1
Project("{FAE04EC0-301F-11D3-BF4B-00C04F79EFBC}") = "UserInput", "UserInput\UserInput.csproj", "{1D957180-03D1-4288-BC9D-098A2A45F17C}"
EndProject
Global
	GlobalSection(SolutionConfigurationPlatforms) = preSolution
		Debug|Any CPU = Debug|Any CPU
		Release|Any CPU = Release|Any CPU
	EndGlobalSection
	GlobalSection(ProjectConfigurationPlatforms) = postSolution
		{1D957180-03D1-4288-BC9D-098A2A45F17C}.Debug|Any CPU.ActiveCfg = Debug|Any CPU
		{1D957180-03D1-4288-BC9D-098A2A45F17C}.Debug|Any CPU.Build.0 = Debug|Any CPU
		{1D957180-03D1-4288-BC9D-098A2A45F17C}.Release|Any CPU.ActiveCfg = Release|Any CPU
		{1D957180-03D1-4288-BC9D-098A2A45F17C}.Release|Any CPU.Build.0 = Release|Any CPU
	EndGlobalSection
	GlobalSection(SolutionProperties) = preSolution
		HideSolutionNode = FALSE
	EndGlobalSection
	GlobalSection(ExtensibilityGlobals) = postSolution
		SolutionGuid = {9342750A-5956-49A4-AC92-7AF54B6B687D}
	EndGlobalSection
EndGlobal
