
Microsoft Visual Studio Solution File, Format Version 12.00
# Visual Studio 15
VisualStudioVersion = 15.0.28307.757
MinimumVisualStudioVersion = 10.0.40219.1
Project("{FAE04EC0-301F-11D3-BF4B-00C04F79EFBC}") = "WPF11", "WPF11\WPF11.csproj", "{C868F4C5-B39C-472F-9B40-BD4A5325C4DF}"
EndProject
Global
	GlobalSection(SolutionConfigurationPlatforms) = preSolution
		Debug|Any CPU = Debug|Any CPU
		Release|Any CPU = Release|Any CPU
	EndGlobalSection
	GlobalSection(ProjectConfigurationPlatforms) = postSolution
		{C868F4C5-B39C-472F-9B40-BD4A5325C4DF}.Debug|Any CPU.ActiveCfg = Debug|Any CPU
		{C868F4C5-B39C-472F-9B40-BD4A5325C4DF}.Debug|Any CPU.Build.0 = Debug|Any CPU
		{C868F4C5-B39C-472F-9B40-BD4A5325C4DF}.Release|Any CPU.ActiveCfg = Release|Any CPU
		{C868F4C5-B39C-472F-9B40-BD4A5325C4DF}.Release|Any CPU.Build.0 = Release|Any CPU
	EndGlobalSection
	GlobalSection(SolutionProperties) = preSolution
		HideSolutionNode = FALSE
	EndGlobalSection
	GlobalSection(ExtensibilityGlobals) = postSolution
		SolutionGuid = {19B1A1FE-3D0C-47F4-87A5-35E232D0D024}
	EndGlobalSection
EndGlobal
