
Microsoft Visual Studio Solution File, Format Version 12.00
# Visual Studio 15
VisualStudioVersion = 15.0.28307.645
MinimumVisualStudioVersion = 10.0.40219.1
Project("{FAE04EC0-301F-11D3-BF4B-00C04F79EFBC}") = "RegisteringAndLogginIn", "RegisteringAndLogginIn\RegisteringAndLogginIn.csproj", "{EFD1F1F3-5936-41BD-A95A-C4EC134116B0}"
EndProject
Global
	GlobalSection(SolutionConfigurationPlatforms) = preSolution
		Debug|Any CPU = Debug|Any CPU
		Release|Any CPU = Release|Any CPU
	EndGlobalSection
	GlobalSection(ProjectConfigurationPlatforms) = postSolution
		{EFD1F1F3-5936-41BD-A95A-C4EC134116B0}.Debug|Any CPU.ActiveCfg = Debug|Any CPU
		{EFD1F1F3-5936-41BD-A95A-C4EC134116B0}.Debug|Any CPU.Build.0 = Debug|Any CPU
		{EFD1F1F3-5936-41BD-A95A-C4EC134116B0}.Release|Any CPU.ActiveCfg = Release|Any CPU
		{EFD1F1F3-5936-41BD-A95A-C4EC134116B0}.Release|Any CPU.Build.0 = Release|Any CPU
	EndGlobalSection
	GlobalSection(SolutionProperties) = preSolution
		HideSolutionNode = FALSE
	EndGlobalSection
	GlobalSection(ExtensibilityGlobals) = postSolution
		SolutionGuid = {2C28BBEA-8A76-407C-826C-8D84F5CCF013}
	EndGlobalSection
EndGlobal
