
Microsoft Visual Studio Solution File, Format Version 12.00
# Visual Studio Version 16
VisualStudioVersion = 16.0.31112.23
MinimumVisualStudioVersion = 10.0.40219.1
Project("{FAE04EC0-301F-11D3-BF4B-00C04F79EFBC}") = "FirstFormApplication", "FirstFormApplication.csproj", "{280A8B83-7CAF-404E-9DFA-BDD8722D0574}"
EndProject
Global
	GlobalSection(SolutionConfigurationPlatforms) = preSolution
		Debug|Any CPU = Debug|Any CPU
		Release|Any CPU = Release|Any CPU
	EndGlobalSection
	GlobalSection(ProjectConfigurationPlatforms) = postSolution
		{280A8B83-7CAF-404E-9DFA-BDD8722D0574}.Debug|Any CPU.ActiveCfg = Debug|Any CPU
		{280A8B83-7CAF-404E-9DFA-BDD8722D0574}.Debug|Any CPU.Build.0 = Debug|Any CPU
		{280A8B83-7CAF-404E-9DFA-BDD8722D0574}.Release|Any CPU.ActiveCfg = Release|Any CPU
		{280A8B83-7CAF-404E-9DFA-BDD8722D0574}.Release|Any CPU.Build.0 = Release|Any CPU
	EndGlobalSection
	GlobalSection(SolutionProperties) = preSolution
		HideSolutionNode = FALSE
	EndGlobalSection
	GlobalSection(ExtensibilityGlobals) = postSolution
		SolutionGuid = {3677F18B-D3C1-4727-8A82-AF9333F92B24}
	EndGlobalSection
EndGlobal
