
Microsoft Visual Studio Solution File, Format Version 12.00
# Visual Studio 15
VisualStudioVersion = 15.0.28307.645
MinimumVisualStudioVersion = 10.0.40219.1
Project("{FAE04EC0-301F-11D3-BF4B-00C04F79EFBC}") = "HelloWorld", "HelloWorld\HelloWorld.csproj", "{78C22B07-B443-407A-AF45-BA427D592987}"
EndProject
Global
	GlobalSection(SolutionConfigurationPlatforms) = preSolution
		Debug|Any CPU = Debug|Any CPU
		Release|Any CPU = Release|Any CPU
	EndGlobalSection
	GlobalSection(ProjectConfigurationPlatforms) = postSolution
		{78C22B07-B443-407A-AF45-BA427D592987}.Debug|Any CPU.ActiveCfg = Debug|Any CPU
		{78C22B07-B443-407A-AF45-BA427D592987}.Debug|Any CPU.Build.0 = Debug|Any CPU
		{78C22B07-B443-407A-AF45-BA427D592987}.Release|Any CPU.ActiveCfg = Release|Any CPU
		{78C22B07-B443-407A-AF45-BA427D592987}.Release|Any CPU.Build.0 = Release|Any CPU
	EndGlobalSection
	GlobalSection(SolutionProperties) = preSolution
		HideSolutionNode = FALSE
	EndGlobalSection
	GlobalSection(ExtensibilityGlobals) = postSolution
		SolutionGuid = {ADC75D4F-F10A-4218-BB8C-8D4AC686013B}
	EndGlobalSection
EndGlobal
