
Microsoft Visual Studio Solution File, Format Version 12.00
# Visual Studio 15
VisualStudioVersion = 15.0.28307.757
MinimumVisualStudioVersion = 10.0.40219.1
Project("{FAE04EC0-301F-11D3-BF4B-00C04F79EFBC}") = "ArrayListsVsLists", "ArrayListsVsLists\ArrayListsVsLists.csproj", "{E23176F0-7960-4FE5-8685-474417257B03}"
EndProject
Global
	GlobalSection(SolutionConfigurationPlatforms) = preSolution
		Debug|Any CPU = Debug|Any CPU
		Release|Any CPU = Release|Any CPU
	EndGlobalSection
	GlobalSection(ProjectConfigurationPlatforms) = postSolution
		{E23176F0-7960-4FE5-8685-474417257B03}.Debug|Any CPU.ActiveCfg = Debug|Any CPU
		{E23176F0-7960-4FE5-8685-474417257B03}.Debug|Any CPU.Build.0 = Debug|Any CPU
		{E23176F0-7960-4FE5-8685-474417257B03}.Release|Any CPU.ActiveCfg = Release|Any CPU
		{E23176F0-7960-4FE5-8685-474417257B03}.Release|Any CPU.Build.0 = Release|Any CPU
	EndGlobalSection
	GlobalSection(SolutionProperties) = preSolution
		HideSolutionNode = FALSE
	EndGlobalSection
	GlobalSection(ExtensibilityGlobals) = postSolution
		SolutionGuid = {93029A00-5172-4762-BF62-1BBABE3C3685}
	EndGlobalSection
EndGlobal
