
Microsoft Visual Studio Solution File, Format Version 12.00
# Visual Studio 15
VisualStudioVersion = 15.0.28307.757
MinimumVisualStudioVersion = 10.0.40219.1
Project("{FAE04EC0-301F-11D3-BF4B-00C04F79EFBC}") = "WPF02", "WPF02\WPF02.csproj", "{8A22832E-E11F-45CA-9DEE-51B84AC1F535}"
EndProject
Global
	GlobalSection(SolutionConfigurationPlatforms) = preSolution
		Debug|Any CPU = Debug|Any CPU
		Release|Any CPU = Release|Any CPU
	EndGlobalSection
	GlobalSection(ProjectConfigurationPlatforms) = postSolution
		{8A22832E-E11F-45CA-9DEE-51B84AC1F535}.Debug|Any CPU.ActiveCfg = Debug|Any CPU
		{8A22832E-E11F-45CA-9DEE-51B84AC1F535}.Debug|Any CPU.Build.0 = Debug|Any CPU
		{8A22832E-E11F-45CA-9DEE-51B84AC1F535}.Release|Any CPU.ActiveCfg = Release|Any CPU
		{8A22832E-E11F-45CA-9DEE-51B84AC1F535}.Release|Any CPU.Build.0 = Release|Any CPU
	EndGlobalSection
	GlobalSection(SolutionProperties) = preSolution
		HideSolutionNode = FALSE
	EndGlobalSection
	GlobalSection(ExtensibilityGlobals) = postSolution
		SolutionGuid = {681FA304-BB1F-49FA-B796-891B5519075D}
	EndGlobalSection
EndGlobal
