
Microsoft Visual Studio Solution File, Format Version 12.00
# Visual Studio 15
VisualStudioVersion = 15.0.28307.757
MinimumVisualStudioVersion = 10.0.40219.1
Project("{FAE04EC0-301F-11D3-BF4B-00C04F79EFBC}") = "WPF05", "WPF05\WPF05.csproj", "{A7D8A2CF-66DA-44FF-AD53-F19625894079}"
EndProject
Global
	GlobalSection(SolutionConfigurationPlatforms) = preSolution
		Debug|Any CPU = Debug|Any CPU
		Release|Any CPU = Release|Any CPU
	EndGlobalSection
	GlobalSection(ProjectConfigurationPlatforms) = postSolution
		{A7D8A2CF-66DA-44FF-AD53-F19625894079}.Debug|Any CPU.ActiveCfg = Debug|Any CPU
		{A7D8A2CF-66DA-44FF-AD53-F19625894079}.Debug|Any CPU.Build.0 = Debug|Any CPU
		{A7D8A2CF-66DA-44FF-AD53-F19625894079}.Release|Any CPU.ActiveCfg = Release|Any CPU
		{A7D8A2CF-66DA-44FF-AD53-F19625894079}.Release|Any CPU.Build.0 = Release|Any CPU
	EndGlobalSection
	GlobalSection(SolutionProperties) = preSolution
		HideSolutionNode = FALSE
	EndGlobalSection
	GlobalSection(ExtensibilityGlobals) = postSolution
		SolutionGuid = {B87E2789-132B-46C9-9D76-0B8372B3E0AF}
	EndGlobalSection
EndGlobal
