
Microsoft Visual Studio Solution File, Format Version 12.00
# Visual Studio 15
VisualStudioVersion = 15.0.28307.645
MinimumVisualStudioVersion = 10.0.40219.1
Project("{FAE04EC0-301F-11D3-BF4B-00C04F79EFBC}") = "ForLoop", "ForLoop\ForLoop.csproj", "{EF6ADFE8-225A-4ED7-812E-127B06EF6BA2}"
EndProject
Global
	GlobalSection(SolutionConfigurationPlatforms) = preSolution
		Debug|Any CPU = Debug|Any CPU
		Release|Any CPU = Release|Any CPU
	EndGlobalSection
	GlobalSection(ProjectConfigurationPlatforms) = postSolution
		{EF6ADFE8-225A-4ED7-812E-127B06EF6BA2}.Debug|Any CPU.ActiveCfg = Debug|Any CPU
		{EF6ADFE8-225A-4ED7-812E-127B06EF6BA2}.Debug|Any CPU.Build.0 = Debug|Any CPU
		{EF6ADFE8-225A-4ED7-812E-127B06EF6BA2}.Release|Any CPU.ActiveCfg = Release|Any CPU
		{EF6ADFE8-225A-4ED7-812E-127B06EF6BA2}.Release|Any CPU.Build.0 = Release|Any CPU
	EndGlobalSection
	GlobalSection(SolutionProperties) = preSolution
		HideSolutionNode = FALSE
	EndGlobalSection
	GlobalSection(ExtensibilityGlobals) = postSolution
		SolutionGuid = {F8419AF5-6A7E-4A29-B930-78885F041834}
	EndGlobalSection
EndGlobal
