
Microsoft Visual Studio Solution File, Format Version 12.00
# Visual Studio 15
VisualStudioVersion = 15.0.28307.757
MinimumVisualStudioVersion = 10.0.40219.1
Project("{FAE04EC0-301F-11D3-BF4B-00C04F79EFBC}") = "WPF08", "WPF08\WPF08.csproj", "{DB2EDB65-47D3-46BE-9EB0-ADB9EC2326A0}"
EndProject
Global
	GlobalSection(SolutionConfigurationPlatforms) = preSolution
		Debug|Any CPU = Debug|Any CPU
		Release|Any CPU = Release|Any CPU
	EndGlobalSection
	GlobalSection(ProjectConfigurationPlatforms) = postSolution
		{DB2EDB65-47D3-46BE-9EB0-ADB9EC2326A0}.Debug|Any CPU.ActiveCfg = Debug|Any CPU
		{DB2EDB65-47D3-46BE-9EB0-ADB9EC2326A0}.Debug|Any CPU.Build.0 = Debug|Any CPU
		{DB2EDB65-47D3-46BE-9EB0-ADB9EC2326A0}.Release|Any CPU.ActiveCfg = Release|Any CPU
		{DB2EDB65-47D3-46BE-9EB0-ADB9EC2326A0}.Release|Any CPU.Build.0 = Release|Any CPU
	EndGlobalSection
	GlobalSection(SolutionProperties) = preSolution
		HideSolutionNode = FALSE
	EndGlobalSection
	GlobalSection(ExtensibilityGlobals) = postSolution
		SolutionGuid = {5FCED66E-2DC3-47E0-A7D0-EB47C170EC25}
	EndGlobalSection
EndGlobal
