
Microsoft Visual Studio Solution File, Format Version 12.00
# Visual Studio 15
VisualStudioVersion = 15.0.28307.757
MinimumVisualStudioVersion = 10.0.40219.1
Project("{FAE04EC0-301F-11D3-BF4B-00C04F79EFBC}") = "WPF09", "WPF09\WPF09.csproj", "{61809960-CA2A-4539-91D4-D7FE6D65986B}"
EndProject
Global
	GlobalSection(SolutionConfigurationPlatforms) = preSolution
		Debug|Any CPU = Debug|Any CPU
		Release|Any CPU = Release|Any CPU
	EndGlobalSection
	GlobalSection(ProjectConfigurationPlatforms) = postSolution
		{61809960-CA2A-4539-91D4-D7FE6D65986B}.Debug|Any CPU.ActiveCfg = Debug|Any CPU
		{61809960-CA2A-4539-91D4-D7FE6D65986B}.Debug|Any CPU.Build.0 = Debug|Any CPU
		{61809960-CA2A-4539-91D4-D7FE6D65986B}.Release|Any CPU.ActiveCfg = Release|Any CPU
		{61809960-CA2A-4539-91D4-D7FE6D65986B}.Release|Any CPU.Build.0 = Release|Any CPU
	EndGlobalSection
	GlobalSection(SolutionProperties) = preSolution
		HideSolutionNode = FALSE
	EndGlobalSection
	GlobalSection(ExtensibilityGlobals) = postSolution
		SolutionGuid = {B3A267C3-5FBC-4B55-9B5C-DCE31E8669D7}
	EndGlobalSection
EndGlobal
