
Microsoft Visual Studio Solution File, Format Version 12.00
# Visual Studio 15
VisualStudioVersion = 15.0.28307.757
MinimumVisualStudioVersion = 10.0.40219.1
Project("{FAE04EC0-301F-11D3-BF4B-00C04F79EFBC}") = "ReadFile", "ReadFile\ReadFile.csproj", "{F9639268-7DC7-42C3-8053-610C35691830}"
EndProject
Global
	GlobalSection(SolutionConfigurationPlatforms) = preSolution
		Debug|Any CPU = Debug|Any CPU
		Release|Any CPU = Release|Any CPU
	EndGlobalSection
	GlobalSection(ProjectConfigurationPlatforms) = postSolution
		{F9639268-7DC7-42C3-8053-610C35691830}.Debug|Any CPU.ActiveCfg = Debug|Any CPU
		{F9639268-7DC7-42C3-8053-610C35691830}.Debug|Any CPU.Build.0 = Debug|Any CPU
		{F9639268-7DC7-42C3-8053-610C35691830}.Release|Any CPU.ActiveCfg = Release|Any CPU
		{F9639268-7DC7-42C3-8053-610C35691830}.Release|Any CPU.Build.0 = Release|Any CPU
	EndGlobalSection
	GlobalSection(SolutionProperties) = preSolution
		HideSolutionNode = FALSE
	EndGlobalSection
	GlobalSection(ExtensibilityGlobals) = postSolution
		SolutionGuid = {D92F45CD-EF46-491D-B0EB-D0F784327276}
	EndGlobalSection
EndGlobal
