
Microsoft Visual Studio Solution File, Format Version 12.00
# Visual Studio 15
VisualStudioVersion = 15.0.28307.645
MinimumVisualStudioVersion = 10.0.40219.1
Project("{FAE04EC0-301F-11D3-BF4B-00C04F79EFBC}") = "IfStatements2", "IfStatements2\IfStatements2.csproj", "{BD2F6ECB-3647-4123-8718-735363861C9B}"
EndProject
Global
	GlobalSection(SolutionConfigurationPlatforms) = preSolution
		Debug|Any CPU = Debug|Any CPU
		Release|Any CPU = Release|Any CPU
	EndGlobalSection
	GlobalSection(ProjectConfigurationPlatforms) = postSolution
		{BD2F6ECB-3647-4123-8718-735363861C9B}.Debug|Any CPU.ActiveCfg = Debug|Any CPU
		{BD2F6ECB-3647-4123-8718-735363861C9B}.Debug|Any CPU.Build.0 = Debug|Any CPU
		{BD2F6ECB-3647-4123-8718-735363861C9B}.Release|Any CPU.ActiveCfg = Release|Any CPU
		{BD2F6ECB-3647-4123-8718-735363861C9B}.Release|Any CPU.Build.0 = Release|Any CPU
	EndGlobalSection
	GlobalSection(SolutionProperties) = preSolution
		HideSolutionNode = FALSE
	EndGlobalSection
	GlobalSection(ExtensibilityGlobals) = postSolution
		SolutionGuid = {F27792AC-0EAB-4813-9DE5-BCC89A9E3571}
	EndGlobalSection
EndGlobal
