
Microsoft Visual Studio Solution File, Format Version 12.00
# Visual Studio 15
VisualStudioVersion = 15.0.28307.757
MinimumVisualStudioVersion = 10.0.40219.1
Project("{FAE04EC0-301F-11D3-BF4B-00C04F79EFBC}") = "WPF13", "WPF13\WPF13.csproj", "{4E7B2B9A-CB87-440A-86FB-7DB43121EB89}"
EndProject
Global
	GlobalSection(SolutionConfigurationPlatforms) = preSolution
		Debug|Any CPU = Debug|Any CPU
		Release|Any CPU = Release|Any CPU
	EndGlobalSection
	GlobalSection(ProjectConfigurationPlatforms) = postSolution
		{4E7B2B9A-CB87-440A-86FB-7DB43121EB89}.Debug|Any CPU.ActiveCfg = Debug|Any CPU
		{4E7B2B9A-CB87-440A-86FB-7DB43121EB89}.Debug|Any CPU.Build.0 = Debug|Any CPU
		{4E7B2B9A-CB87-440A-86FB-7DB43121EB89}.Release|Any CPU.ActiveCfg = Release|Any CPU
		{4E7B2B9A-CB87-440A-86FB-7DB43121EB89}.Release|Any CPU.Build.0 = Release|Any CPU
	EndGlobalSection
	GlobalSection(SolutionProperties) = preSolution
		HideSolutionNode = FALSE
	EndGlobalSection
	GlobalSection(ExtensibilityGlobals) = postSolution
		SolutionGuid = {4BA74702-3A8E-4361-93D6-F189A7E84DF4}
	EndGlobalSection
EndGlobal
