
Microsoft Visual Studio Solution File, Format Version 12.00
# Visual Studio 15
VisualStudioVersion = 15.0.28307.779
MinimumVisualStudioVersion = 10.0.40219.1
Project("{FAE04EC0-301F-11D3-BF4B-00C04F79EFBC}") = "ThreadingE2", "ThreadingE2\ThreadingE2.csproj", "{4CE6C05A-86BC-490A-96FA-A4912D731D82}"
EndProject
Global
	GlobalSection(SolutionConfigurationPlatforms) = preSolution
		Debug|Any CPU = Debug|Any CPU
		Release|Any CPU = Release|Any CPU
	EndGlobalSection
	GlobalSection(ProjectConfigurationPlatforms) = postSolution
		{4CE6C05A-86BC-490A-96FA-A4912D731D82}.Debug|Any CPU.ActiveCfg = Debug|Any CPU
		{4CE6C05A-86BC-490A-96FA-A4912D731D82}.Debug|Any CPU.Build.0 = Debug|Any CPU
		{4CE6C05A-86BC-490A-96FA-A4912D731D82}.Release|Any CPU.ActiveCfg = Release|Any CPU
		{4CE6C05A-86BC-490A-96FA-A4912D731D82}.Release|Any CPU.Build.0 = Release|Any CPU
	EndGlobalSection
	GlobalSection(SolutionProperties) = preSolution
		HideSolutionNode = FALSE
	EndGlobalSection
	GlobalSection(ExtensibilityGlobals) = postSolution
		SolutionGuid = {83093956-FCED-4AC5-B95F-A50CBA82C519}
	EndGlobalSection
EndGlobal
