
Microsoft Visual Studio Solution File, Format Version 12.00
# Visual Studio 15
VisualStudioVersion = 15.0.28307.757
MinimumVisualStudioVersion = 10.0.40219.1
Project("{FAE04EC0-301F-11D3-BF4B-00C04F79EFBC}") = "WPF04", "WPF04\WPF04.csproj", "{D039D821-DEA4-49C7-BBFA-3AA188389F78}"
EndProject
Global
	GlobalSection(SolutionConfigurationPlatforms) = preSolution
		Debug|Any CPU = Debug|Any CPU
		Release|Any CPU = Release|Any CPU
	EndGlobalSection
	GlobalSection(ProjectConfigurationPlatforms) = postSolution
		{D039D821-DEA4-49C7-BBFA-3AA188389F78}.Debug|Any CPU.ActiveCfg = Debug|Any CPU
		{D039D821-DEA4-49C7-BBFA-3AA188389F78}.Debug|Any CPU.Build.0 = Debug|Any CPU
		{D039D821-DEA4-49C7-BBFA-3AA188389F78}.Release|Any CPU.ActiveCfg = Release|Any CPU
		{D039D821-DEA4-49C7-BBFA-3AA188389F78}.Release|Any CPU.Build.0 = Release|Any CPU
	EndGlobalSection
	GlobalSection(SolutionProperties) = preSolution
		HideSolutionNode = FALSE
	EndGlobalSection
	GlobalSection(ExtensibilityGlobals) = postSolution
		SolutionGuid = {8BF0F6DA-7939-4302-8018-42AFB04EA21E}
	EndGlobalSection
EndGlobal
