
Microsoft Visual Studio Solution File, Format Version 12.00
# Visual Studio 15
VisualStudioVersion = 15.0.28307.757
MinimumVisualStudioVersion = 10.0.40219.1
Project("{FAE04EC0-301F-11D3-BF4B-00C04F79EFBC}") = "WPF06", "WPF06\WPF06.csproj", "{94EAE191-603B-412C-9197-10C80474EA70}"
EndProject
Global
	GlobalSection(SolutionConfigurationPlatforms) = preSolution
		Debug|Any CPU = Debug|Any CPU
		Release|Any CPU = Release|Any CPU
	EndGlobalSection
	GlobalSection(ProjectConfigurationPlatforms) = postSolution
		{94EAE191-603B-412C-9197-10C80474EA70}.Debug|Any CPU.ActiveCfg = Debug|Any CPU
		{94EAE191-603B-412C-9197-10C80474EA70}.Debug|Any CPU.Build.0 = Debug|Any CPU
		{94EAE191-603B-412C-9197-10C80474EA70}.Release|Any CPU.ActiveCfg = Release|Any CPU
		{94EAE191-603B-412C-9197-10C80474EA70}.Release|Any CPU.Build.0 = Release|Any CPU
	EndGlobalSection
	GlobalSection(SolutionProperties) = preSolution
		HideSolutionNode = FALSE
	EndGlobalSection
	GlobalSection(ExtensibilityGlobals) = postSolution
		SolutionGuid = {630C29EB-43F1-4341-919B-A46777A16B3A}
	EndGlobalSection
EndGlobal
