
Microsoft Visual Studio Solution File, Format Version 12.00
# Visual Studio 15
VisualStudioVersion = 15.0.28307.645
MinimumVisualStudioVersion = 10.0.40219.1
Project("{FAE04EC0-301F-11D3-BF4B-00C04F79EFBC}") = "Decisions", "Decisions\Decisions.csproj", "{761972BB-1FCB-4DE1-8808-C8168CA1766A}"
EndProject
Global
	GlobalSection(SolutionConfigurationPlatforms) = preSolution
		Debug|Any CPU = Debug|Any CPU
		Release|Any CPU = Release|Any CPU
	EndGlobalSection
	GlobalSection(ProjectConfigurationPlatforms) = postSolution
		{761972BB-1FCB-4DE1-8808-C8168CA1766A}.Debug|Any CPU.ActiveCfg = Debug|Any CPU
		{761972BB-1FCB-4DE1-8808-C8168CA1766A}.Debug|Any CPU.Build.0 = Debug|Any CPU
		{761972BB-1FCB-4DE1-8808-C8168CA1766A}.Release|Any CPU.ActiveCfg = Release|Any CPU
		{761972BB-1FCB-4DE1-8808-C8168CA1766A}.Release|Any CPU.Build.0 = Release|Any CPU
	EndGlobalSection
	GlobalSection(SolutionProperties) = preSolution
		HideSolutionNode = FALSE
	EndGlobalSection
	GlobalSection(ExtensibilityGlobals) = postSolution
		SolutionGuid = {4C77FCD2-8964-44AD-8CA9-C52484B88735}
	EndGlobalSection
EndGlobal
