
Microsoft Visual Studio Solution File, Format Version 12.00
# Visual Studio 15
VisualStudioVersion = 15.0.28307.779
MinimumVisualStudioVersion = 10.0.40219.1
Project("{FAE04EC0-301F-11D3-BF4B-00C04F79EFBC}") = "ThreadingE4", "ThreadingE4\ThreadingE4.csproj", "{C03F607B-D7AE-4590-92CE-EA83767B64FB}"
EndProject
Global
	GlobalSection(SolutionConfigurationPlatforms) = preSolution
		Debug|Any CPU = Debug|Any CPU
		Release|Any CPU = Release|Any CPU
	EndGlobalSection
	GlobalSection(ProjectConfigurationPlatforms) = postSolution
		{C03F607B-D7AE-4590-92CE-EA83767B64FB}.Debug|Any CPU.ActiveCfg = Debug|Any CPU
		{C03F607B-D7AE-4590-92CE-EA83767B64FB}.Debug|Any CPU.Build.0 = Debug|Any CPU
		{C03F607B-D7AE-4590-92CE-EA83767B64FB}.Release|Any CPU.ActiveCfg = Release|Any CPU
		{C03F607B-D7AE-4590-92CE-EA83767B64FB}.Release|Any CPU.Build.0 = Release|Any CPU
	EndGlobalSection
	GlobalSection(SolutionProperties) = preSolution
		HideSolutionNode = FALSE
	EndGlobalSection
	GlobalSection(ExtensibilityGlobals) = postSolution
		SolutionGuid = {ECD13F19-045F-4C51-805A-48B5D6034C57}
	EndGlobalSection
EndGlobal
