
Microsoft Visual Studio Solution File, Format Version 12.00
# Visual Studio 15
VisualStudioVersion = 15.0.28307.645
MinimumVisualStudioVersion = 10.0.40219.1
Project("{FAE04EC0-301F-11D3-BF4B-00C04F79EFBC}") = "Members", "Members\Members.csproj", "{C1D39DEA-1880-4018-AC82-8472CB4FDE19}"
EndProject
Global
	GlobalSection(SolutionConfigurationPlatforms) = preSolution
		Debug|Any CPU = Debug|Any CPU
		Release|Any CPU = Release|Any CPU
	EndGlobalSection
	GlobalSection(ProjectConfigurationPlatforms) = postSolution
		{C1D39DEA-1880-4018-AC82-8472CB4FDE19}.Debug|Any CPU.ActiveCfg = Debug|Any CPU
		{C1D39DEA-1880-4018-AC82-8472CB4FDE19}.Debug|Any CPU.Build.0 = Debug|Any CPU
		{C1D39DEA-1880-4018-AC82-8472CB4FDE19}.Release|Any CPU.ActiveCfg = Release|Any CPU
		{C1D39DEA-1880-4018-AC82-8472CB4FDE19}.Release|Any CPU.Build.0 = Release|Any CPU
	EndGlobalSection
	GlobalSection(SolutionProperties) = preSolution
		HideSolutionNode = FALSE
	EndGlobalSection
	GlobalSection(ExtensibilityGlobals) = postSolution
		SolutionGuid = {5ADB0A58-9A24-4F8B-9880-C770D9008F2C}
	EndGlobalSection
EndGlobal
