
Microsoft Visual Studio Solution File, Format Version 12.00
# Visual Studio 15
VisualStudioVersion = 15.0.28307.645
MinimumVisualStudioVersion = 10.0.40219.1
Project("{FAE04EC0-301F-11D3-BF4B-00C04F79EFBC}") = "Operators", "Operators\Operators.csproj", "{6B58A385-F274-4922-8D3E-D0F1BDD64F75}"
EndProject
Global
	GlobalSection(SolutionConfigurationPlatforms) = preSolution
		Debug|Any CPU = Debug|Any CPU
		Release|Any CPU = Release|Any CPU
	EndGlobalSection
	GlobalSection(ProjectConfigurationPlatforms) = postSolution
		{6B58A385-F274-4922-8D3E-D0F1BDD64F75}.Debug|Any CPU.ActiveCfg = Debug|Any CPU
		{6B58A385-F274-4922-8D3E-D0F1BDD64F75}.Debug|Any CPU.Build.0 = Debug|Any CPU
		{6B58A385-F274-4922-8D3E-D0F1BDD64F75}.Release|Any CPU.ActiveCfg = Release|Any CPU
		{6B58A385-F274-4922-8D3E-D0F1BDD64F75}.Release|Any CPU.Build.0 = Release|Any CPU
	EndGlobalSection
	GlobalSection(SolutionProperties) = preSolution
		HideSolutionNode = FALSE
	EndGlobalSection
	GlobalSection(ExtensibilityGlobals) = postSolution
		SolutionGuid = {6F3E0A03-87F8-4FB5-ACEA-44F061112EDB}
	EndGlobalSection
EndGlobal
