
Microsoft Visual Studio Solution File, Format Version 12.00
# Visual Studio 15
VisualStudioVersion = 15.0.28307.645
MinimumVisualStudioVersion = 10.0.40219.1
Project("{FAE04EC0-301F-11D3-BF4B-00C04F79EFBC}") = "Methods", "Methods\Methods.csproj", "{1A3A514E-F69B-44F2-A3C4-D9B28A328690}"
EndProject
Global
	GlobalSection(SolutionConfigurationPlatforms) = preSolution
		Debug|Any CPU = Debug|Any CPU
		Release|Any CPU = Release|Any CPU
	EndGlobalSection
	GlobalSection(ProjectConfigurationPlatforms) = postSolution
		{1A3A514E-F69B-44F2-A3C4-D9B28A328690}.Debug|Any CPU.ActiveCfg = Debug|Any CPU
		{1A3A514E-F69B-44F2-A3C4-D9B28A328690}.Debug|Any CPU.Build.0 = Debug|Any CPU
		{1A3A514E-F69B-44F2-A3C4-D9B28A328690}.Release|Any CPU.ActiveCfg = Release|Any CPU
		{1A3A514E-F69B-44F2-A3C4-D9B28A328690}.Release|Any CPU.Build.0 = Release|Any CPU
	EndGlobalSection
	GlobalSection(SolutionProperties) = preSolution
		HideSolutionNode = FALSE
	EndGlobalSection
	GlobalSection(ExtensibilityGlobals) = postSolution
		SolutionGuid = {7947CC7E-2C1C-4687-A6A9-E049D893E5D4}
	EndGlobalSection
EndGlobal
