
Microsoft Visual Studio Solution File, Format Version 12.00
# Visual Studio 15
VisualStudioVersion = 15.0.28307.645
MinimumVisualStudioVersion = 10.0.40219.1
Project("{FAE04EC0-301F-11D3-BF4B-00C04F79EFBC}") = "ClassesBasics", "ClassesBasics\ClassesBasics.csproj", "{7A0AA768-4621-4C60-9769-49312E23C800}"
EndProject
Global
	GlobalSection(SolutionConfigurationPlatforms) = preSolution
		Debug|Any CPU = Debug|Any CPU
		Release|Any CPU = Release|Any CPU
	EndGlobalSection
	GlobalSection(ProjectConfigurationPlatforms) = postSolution
		{7A0AA768-4621-4C60-9769-49312E23C800}.Debug|Any CPU.ActiveCfg = Debug|Any CPU
		{7A0AA768-4621-4C60-9769-49312E23C800}.Debug|Any CPU.Build.0 = Debug|Any CPU
		{7A0AA768-4621-4C60-9769-49312E23C800}.Release|Any CPU.ActiveCfg = Release|Any CPU
		{7A0AA768-4621-4C60-9769-49312E23C800}.Release|Any CPU.Build.0 = Release|Any CPU
	EndGlobalSection
	GlobalSection(SolutionProperties) = preSolution
		HideSolutionNode = FALSE
	EndGlobalSection
	GlobalSection(ExtensibilityGlobals) = postSolution
		SolutionGuid = {99C04BAE-0DEC-4AD2-9D6D-38D0DD8D2777}
	EndGlobalSection
EndGlobal
