
Microsoft Visual Studio Solution File, Format Version 12.00
# Visual Studio 15
VisualStudioVersion = 15.0.28307.645
MinimumVisualStudioVersion = 10.0.40219.1
Project("{FAE04EC0-301F-11D3-BF4B-00C04F79EFBC}") = "ClassesBasics4", "ClassesBasics4\ClassesBasics4.csproj", "{DB32C724-BA05-46A7-BD69-09B49267B762}"
EndProject
Global
	GlobalSection(SolutionConfigurationPlatforms) = preSolution
		Debug|Any CPU = Debug|Any CPU
		Release|Any CPU = Release|Any CPU
	EndGlobalSection
	GlobalSection(ProjectConfigurationPlatforms) = postSolution
		{DB32C724-BA05-46A7-BD69-09B49267B762}.Debug|Any CPU.ActiveCfg = Debug|Any CPU
		{DB32C724-BA05-46A7-BD69-09B49267B762}.Debug|Any CPU.Build.0 = Debug|Any CPU
		{DB32C724-BA05-46A7-BD69-09B49267B762}.Release|Any CPU.ActiveCfg = Release|Any CPU
		{DB32C724-BA05-46A7-BD69-09B49267B762}.Release|Any CPU.Build.0 = Release|Any CPU
	EndGlobalSection
	GlobalSection(SolutionProperties) = preSolution
		HideSolutionNode = FALSE
	EndGlobalSection
	GlobalSection(ExtensibilityGlobals) = postSolution
		SolutionGuid = {947236E4-A266-4111-816A-85FEDE16F448}
	EndGlobalSection
EndGlobal
