
Microsoft Visual Studio Solution File, Format Version 12.00
# Visual Studio 15
VisualStudioVersion = 15.0.28307.757
MinimumVisualStudioVersion = 10.0.40219.1
Project("{FAE04EC0-301F-11D3-BF4B-00C04F79EFBC}") = "Inheritance2", "Inheritance2\Inheritance2.csproj", "{05F8D718-44ED-4601-9BA4-DEE94831C744}"
EndProject
Global
	GlobalSection(SolutionConfigurationPlatforms) = preSolution
		Debug|Any CPU = Debug|Any CPU
		Release|Any CPU = Release|Any CPU
	EndGlobalSection
	GlobalSection(ProjectConfigurationPlatforms) = postSolution
		{05F8D718-44ED-4601-9BA4-DEE94831C744}.Debug|Any CPU.ActiveCfg = Debug|Any CPU
		{05F8D718-44ED-4601-9BA4-DEE94831C744}.Debug|Any CPU.Build.0 = Debug|Any CPU
		{05F8D718-44ED-4601-9BA4-DEE94831C744}.Release|Any CPU.ActiveCfg = Release|Any CPU
		{05F8D718-44ED-4601-9BA4-DEE94831C744}.Release|Any CPU.Build.0 = Release|Any CPU
	EndGlobalSection
	GlobalSection(SolutionProperties) = preSolution
		HideSolutionNode = FALSE
	EndGlobalSection
	GlobalSection(ExtensibilityGlobals) = postSolution
		SolutionGuid = {8B0A63FB-B3E1-47C9-9CD0-33D9F9510BD6}
	EndGlobalSection
EndGlobal
