
Microsoft Visual Studio Solution File, Format Version 12.00
# Visual Studio 15
VisualStudioVersion = 15.0.28307.757
MinimumVisualStudioVersion = 10.0.40219.1
Project("{FAE04EC0-301F-11D3-BF4B-00C04F79EFBC}") = "ChallengeJaggedArray", "ChallengeJaggedArray\ChallengeJaggedArray.csproj", "{55DDC2B0-967B-4B88-B698-DA3F69FB5EAB}"
EndProject
Global
	GlobalSection(SolutionConfigurationPlatforms) = preSolution
		Debug|Any CPU = Debug|Any CPU
		Release|Any CPU = Release|Any CPU
	EndGlobalSection
	GlobalSection(ProjectConfigurationPlatforms) = postSolution
		{55DDC2B0-967B-4B88-B698-DA3F69FB5EAB}.Debug|Any CPU.ActiveCfg = Debug|Any CPU
		{55DDC2B0-967B-4B88-B698-DA3F69FB5EAB}.Debug|Any CPU.Build.0 = Debug|Any CPU
		{55DDC2B0-967B-4B88-B698-DA3F69FB5EAB}.Release|Any CPU.ActiveCfg = Release|Any CPU
		{55DDC2B0-967B-4B88-B698-DA3F69FB5EAB}.Release|Any CPU.Build.0 = Release|Any CPU
	EndGlobalSection
	GlobalSection(SolutionProperties) = preSolution
		HideSolutionNode = FALSE
	EndGlobalSection
	GlobalSection(ExtensibilityGlobals) = postSolution
		SolutionGuid = {73A53073-F304-41B0-966A-71656EE1CEEC}
	EndGlobalSection
EndGlobal
